{
  "nodes": {
    "bgfxdotnim": {
      "inputs": {
        "flakeNimbleLib": [
          "flakeNimbleLib"
        ],
        "nixpkgs": [
          "nixpkgs"
        ],
        "src-bgfxdotnim-master": "src-bgfxdotnim-master"
      },
      "locked": {
        "dir": "master",
        "lastModified": 1662254367,
        "narHash": "sha256-FtjE9K53XXiI79OTPG9EzExvH5r83RVVeib2COHort8=",
        "owner": "nim-nix-pkgs",
        "repo": "bgfxdotnim",
        "rev": "a6e2e09233be400ee83906f6b47fbf4eb2b9c651",
        "type": "github"
      },
      "original": {
        "dir": "master",
        "owner": "nim-nix-pkgs",
        "ref": "master",
        "repo": "bgfxdotnim",
        "type": "github"
      }
    },
    "flakeNimbleLib": {
      "inputs": {
        "nixpkgs": [
          "nixpkgs"
        ]
      },
      "locked": {
        "lastModified": 1662018438,
        "narHash": "sha256-QtNtU6+LX3Wokxf0zlFwKTFOcn6TeDjKQZ+DA9OYtvM=",
        "owner": "riinr",
        "repo": "nim-flakes-lib",
        "rev": "b1fe8340736e3a85d25c709ac3dfd82a55c03cbf",
        "type": "github"
      },
      "original": {
        "owner": "riinr",
        "ref": "master",
        "repo": "nim-flakes-lib",
        "type": "github"
      }
    },
    "github-zacharycarter-freetype": {
      "inputs": {
        "flakeNimbleLib": [
          "flakeNimbleLib"
        ],
        "nixpkgs": [
          "nixpkgs"
        ],
        "src-freetype-master": "src-freetype-master"
      },
      "locked": {
        "dir": "master",
        "lastModified": 1662254509,
        "narHash": "sha256-hdnwXHuCBBnmVDXDmWWnqatIywDg6B8DnYRQFEB7lV8=",
        "owner": "nim-nix-pkgs",
        "repo": "github-zacharycarter-freetype",
        "rev": "15a3682c498d9a4447048788517bbf8baac31553",
        "type": "github"
      },
      "original": {
        "dir": "master",
        "owner": "nim-nix-pkgs",
        "ref": "master",
        "repo": "github-zacharycarter-freetype",
        "type": "github"
      }
    },
    "nixpkgs": {
      "locked": {
        "lastModified": 1667085676,
        "narHash": "sha256-jPHYYoSdrV3ypWG4oi9SUeI2MU6dLjxM88+9io5Rrx0=",
        "owner": "NixOS",
        "repo": "nixpkgs",
        "rev": "e6e6bad81b7e11f37d893ef39712ce8918ae2338",
        "type": "github"
      },
      "original": {
        "id": "nixpkgs",
        "type": "indirect"
      }
    },
    "root": {
      "inputs": {
        "bgfxdotnim": "bgfxdotnim",
        "flakeNimbleLib": "flakeNimbleLib",
        "github-zacharycarter-freetype": "github-zacharycarter-freetype",
        "nixpkgs": "nixpkgs",
        "src-bgfxextrasdotnim-master": "src-bgfxextrasdotnim-master"
      }
    },
    "src-bgfxdotnim-master": {
      "flake": false,
      "locked": {
        "lastModified": 1568659753,
        "narHash": "sha256-t4D8q3iEQ8rFEFLUgJ026YmSHL3QXjt/1ZwY9jeMoK4=",
        "owner": "zacharycarter",
        "repo": "bgfx.nim",
        "rev": "eeb8b174b9a1a5bacbb182cda9f514d60ce54ba5",
        "type": "github"
      },
      "original": {
        "owner": "zacharycarter",
        "ref": "refs/heads/master",
        "repo": "bgfx.nim",
        "type": "github"
      }
    },
    "src-bgfxextrasdotnim-master": {
      "flake": false,
      "locked": {
        "lastModified": 1495682338,
        "narHash": "sha256-Qd6n1xgMuJPcJUClBBNSu+BGYOtwJxAS8OIc4YpSpv8=",
        "owner": "zacharycarter",
        "repo": "bgfx.extras.nim",
        "rev": "7776a9b280331331200a8b6cb82a9c8f4c699266",
        "type": "github"
      },
      "original": {
        "owner": "zacharycarter",
        "ref": "refs/heads/master",
        "repo": "bgfx.extras.nim",
        "type": "github"
      }
    },
    "src-freetype-master": {
      "flake": false,
      "locked": {
        "lastModified": 1489513317,
        "narHash": "sha256-VyYIZ/QhJiE4WyU5BrsZn++1e4kUKN6/P93TQJEwOtI=",
        "owner": "zacharycarter",
        "repo": "freetype",
        "rev": "85aabdb634c3902b64cb5e1d06b96ba4f6914c72",
        "type": "github"
      },
      "original": {
        "owner": "zacharycarter",
        "ref": "refs/heads/master",
        "repo": "freetype",
        "type": "github"
      }
    }
  },
  "root": "root",
  "version": 7
}
